
Microsoft Visual Studio Solution File, Format Version 12.00
# Visual Studio 15
VisualStudioVersion = 15.0.27703.2000
MinimumVisualStudioVersion = 10.0.40219.1
Project("{FAE04EC0-301F-11D3-BF4B-00C04F79EFBC}") = "SampleWebFormsGame", "SampleWebFormsGame\SampleWebFormsGame.csproj", "{2E2CC290-5A44-4324-B162-792B1D2D47E5}"
EndProject
Project("{FAE04EC0-301F-11D3-BF4B-00C04F79EFBC}") = "SampleWebFormsGame.Tests", "SampleWebFormsGameTests\SampleWebFormsGame.Tests.csproj", "{244F4B74-AB3B-4BF1-93D0-12C6C2751FBA}"
EndProject
Global
	GlobalSection(SolutionConfigurationPlatforms) = preSolution
		Debug|Any CPU = Debug|Any CPU
		Release|Any CPU = Release|Any CPU
	EndGlobalSection
	GlobalSection(ProjectConfigurationPlatforms) = postSolution
		{2E2CC290-5A44-4324-B162-792B1D2D47E5}.Debug|Any CPU.ActiveCfg = Debug|Any CPU
		{2E2CC290-5A44-4324-B162-792B1D2D47E5}.Debug|Any CPU.Build.0 = Debug|Any CPU
		{2E2CC290-5A44-4324-B162-792B1D2D47E5}.Release|Any CPU.ActiveCfg = Release|Any CPU
		{2E2CC290-5A44-4324-B162-792B1D2D47E5}.Release|Any CPU.Build.0 = Release|Any CPU
		{244F4B74-AB3B-4BF1-93D0-12C6C2751FBA}.Debug|Any CPU.ActiveCfg = Debug|Any CPU
		{244F4B74-AB3B-4BF1-93D0-12C6C2751FBA}.Debug|Any CPU.Build.0 = Debug|Any CPU
		{244F4B74-AB3B-4BF1-93D0-12C6C2751FBA}.Release|Any CPU.ActiveCfg = Release|Any CPU
		{244F4B74-AB3B-4BF1-93D0-12C6C2751FBA}.Release|Any CPU.Build.0 = Release|Any CPU
	EndGlobalSection
	GlobalSection(SolutionProperties) = preSolution
		HideSolutionNode = FALSE
	EndGlobalSection
	GlobalSection(ExtensibilityGlobals) = postSolution
		SolutionGuid = {E7413A43-05CF-4F33-995C-B5E4FCA78DE5}
	EndGlobalSection
EndGlobal
